-r requirements-dev.lock

# Extracted from results/mcp_scanner_locked_requirements.txt. CI needs YARA
# compilation coverage without installing the complete Cisco MCP runtime.
yara-python==4.5.4 \
    --hash=sha256:0b9de86fbe8a646c0644df9e1396d6941dc6ed0f89be2807e6c52ab39161fd9f \
    --hash=sha256:0e762e6c5b47ddf30b0128ba723da46fcc2aa7959a252748497492cb452d1c84 \
    --hash=sha256:1a1721b61ee4e625a143e8e5bf32fa6774797c06724c45067f3e8919a8e5f8f3 \
    --hash=sha256:1f238f10d26e4701559f73a69b22e1e192a6fa20abdd76f57a7054566780aa89 \
    --hash=sha256:2a1bf52cb7b9178cc1ee2acd1697a0c8468af0c76aa1beffe22534bd4f62698b \
    --hash=sha256:30fc7959394532c6e3f48faf59337f5da124f1630668258276b6cfa54e555a6e \
    --hash=sha256:3872b5f5575d6f5077f86e2b8bcdfe8688f859a50854334a4085399331167abc \
    --hash=sha256:4537f8499d166d22a54739f440fb306f65b0438be2c6c4ecb2352ecb5adb5f1c \
    --hash=sha256:473c52b53c39d5daedc1912bd8a82a1c88702a3e393688879d77f9ff5f396543 \
    --hash=sha256:491c9de854e4a47dfbef7b3a38686c574459779915be19dcf4421b65847a57ce \
    --hash=sha256:4c682170f3d5cb3a73aa1bd0dc9ab1c0957437b937b7a83ff6d7ffd366415b9c \
    --hash=sha256:57d80c7591bbc6d9e73934e0fa4cbbb35e3e733b2706c5fd6756edf495f42678 \
    --hash=sha256:5f1288448991d63c1f6351c9f6d112916b0177ceefaa27d1419427a6ff09f829 \
    --hash=sha256:7707b144c8fcdb30c069ea57b94799cd7601f694ba01b696bbd1832721f37fd0 \
    --hash=sha256:92b233aae320ee9e59728ee23f9faf4a423ae407d4768b47c8f0e472a34dbae2 \
    --hash=sha256:93f5f5aba88e2ed2aaebfbb697433a0c8020c6a6c6a711e900a29e9b512d5c3a \
    --hash=sha256:94e290d5035be23059d0475bff3eac8228acd51145bf0cabe355b1ddabab742b \
    --hash=sha256:973f0bc24470ac86b6009baf2800ad3eadfa4ab653b6546ba5c65e9239850f47 \
    --hash=sha256:9d9a58b7dc87411a2443d2e0382a111bd892aef9f6db2a1ebb4a9215eef0db71 \
    --hash=sha256:9d9acf6f8135bcee03f47b1096ad69f4a2788abe37dd070aab6e9dd816742ecc \
    --hash=sha256:a3c7bc8cd0db5fb87ab579c755de83723030522f3c0cd5b3374044055a8ce6c6 \
    --hash=sha256:a82c87038f0da2d90051bfd6449cf9a4b977a15ee8372f3512ce0a413ef822fd \
    --hash=sha256:ab5133a16e466db6fe9c1a08d1b171013507896175010fb85fc1b92da32e558c \
    --hash=sha256:adcfac4b225e76ab6dcbeaf10101f0de2731fdbee51610dbc77b96e667e85a3a \
    --hash=sha256:ade234700c492bce0efda96c1cdcd763425016e40df4a8d30c4c4e6897be5ace \
    --hash=sha256:bf14a8af06b2b980a889bdc3f9e8ccd6e703d2b3fa1c98da5fd3a1c3b551eb47 \
    --hash=sha256:cb0f0e7183165426b09e2b1235e70909e540ac18e2c6be96070dfe17d7db4d78 \
    --hash=sha256:d12e57101683e9270738a1bccf676747f93e86b5bc529e7a7fb7adf94f20bd77 \
    --hash=sha256:d29d0e137e0d77dd110186369276e88381f784bdc45b5932a2fb3463e2a1b1c7 \
    --hash=sha256:e1dedd149be61992781f085b592d169d1d813f9b5ffc7c8c2b74e429b443414c \
    --hash=sha256:e3e2a5575d61adc2b4ff2007737590783a43d16386b061ac12e6e70a82e5d1de \
    --hash=sha256:e5eae935b05a9f8c71df55a79c38f52abd93f8840310fe4e0d75fbd78284f24 \
    --hash=sha256:e6d8c2acaf33931338fdb78aba8a68462b0151d833b2eeda712db87713ac2abf \
    --hash=sha256:e7d0039d734705b123494acad7a00b67df171dd5b1c16ff7b18ff07578efd4cd \
    --hash=sha256:f79a27dbdafb79fc2dc03c7c3ba66751551e3e0b350ab69cc499870b78a6cb95 \
    --hash=sha256:fd84af5b6da3429236b61f3ad8760fdc739d0e1d6a08b8f3d90cd375e71594df \
    --hash=sha256:fe8ad189843c729eae74be3b8447a4753fac2cebe705e5e2a7280badfcc7e3b4

