# This file was autogenerated by uv via the following command:
#    uv pip compile demo_web/backend/runtime-security.txt --python .\.runtime_mcp313\Scripts\python.exe --no-deps --generate-hashes --universal --output-file demo_web/backend/runtime-security.lock
aiohttp==3.14.3 \
    --hash=sha256:03cd2bde3d7f085b64e549c985f4bb928cad7e8ecf5323bfca320db548d81b39 \
    --hash=sha256:041badb8f84396357c4d3ad26de6afd7a32b112f43d3c63045c0c8278cfd2043 \
    --hash=sha256:0a5ff2dfbb9ce645fa5b8ef3e02c6c0b9cc3f6030ff863d0c51fffc50cb5541b \
    --hash=sha256:0fdea2281997af69da84c77ffa6f5938a0285f21fb3887c249d67419ca865b3d \
    --hash=sha256:11fb37ef075669eee52ab1928fbf6e1741fada40409fa309ebde9607a962aebf \
    --hash=sha256:134ac5ddcf61c6fad984b9a5727d83492ada43d63471db20fb73042c13fca62f \
    --hash=sha256:152516815ef926786a0b6ae2b8f1fd2e0c71582dee0b435636865316fd4891b7 \
    --hash=sha256:1576145bdceeb92382d899751e12743a3a5b8e460a841e3e50543859e54864dc \
    --hash=sha256:16100ad3ab8d649fdfbee87602d9d2dcdca9df0b9eda8a1b5fdc0d41f96da559 \
    --hash=sha256:16ea7e24c309fb7c0bbd505d149abe4fe4dccfb8db911db7dbec0921bc889a6f \
    --hash=sha256:18c441d0a8fca6de8d1f546849b9f0ab20d435993e2c5b59562b2fae6be2f929 \
    --hash=sha256:18cb43369747b2ae007bd2655fb8e63a099c2ff1d207962943636dac989b3147 \
    --hash=sha256:1b59533861b70a2185c8f4f350f791f39d64358ef6944ce71c5240c9ec0982c9 \
    --hash=sha256:1c5281acc88b92396f88c7e1e2748f8466689df22b80170e4f51efa712fb47a8 \
    --hash=sha256:1c5ec8fb1bcc31a8466f74aaf26c345d5c386fa4bd08a3f0eb9c7a4a3fe8b5bf \
    --hash=sha256:1caa7b0d05f3e3a36f87788c59e970a7ee1cefcfcbb924a9f138c4a6551c9cb7 \
    --hash=sha256:21c016079415ed3fd676963e9793700a566d85dbbd6bfc564b9b2d209147dcc8 \
    --hash=sha256:2498f0fe69ead802f9675beca44a7c21c62fdaa4ec5145ea1c3ad6edbee29f85 \
    --hash=sha256:25bd2708db6bdf6a6630dd37bdcdfcb47c4434d22ac69c64665b802910140b30 \
    --hash=sha256:270d3dace9ca2f10f0da5d8ebe519b7a310fc6112ed916e32df5866df0888553 \
    --hash=sha256:2e1161602f45a54de2ce0905243a95f58cb42dcd378402f3697f5e0b21e9d2e7 \
    --hash=sha256:2e9878ae68e4a5f1c0abe4dd497dbc3d51946f5837b56759e2a02e78fa90ef86 \
    --hash=sha256:30402d03a7c0ff52bce290b57e564e9079fd9d0cb545c8aba73f86a103162d2e \
    --hash=sha256:33a2d7c28d33797a2e99923dffa63f83d908a19b6bf26cfe80fa790aa5e1a75a \
    --hash=sha256:362a3fd481769cac1a824514bcd86fda51c65e8fe6e051099e008fddde6db17c \
    --hash=sha256:38901a84da3ce22249f6e860bf8f90d141bcab7da090cc398f8bb58c0e44b7da \
    --hash=sha256:39aded8c7f3b935b54aab1d8d73c70ec0ee2d3ec3b943e0e86611bc150ba47f5 \
    --hash=sha256:3a26434dafe408229ff3403458ca58de24fb51936504decac49ce6755f77e59d \
    --hash=sha256:3ae5b3a59436d089b5395d910121a390feed4d00578eb95a0fd1a329fe963100 \
    --hash=sha256:3d4f72af88ac2474bb5bca640030320e3d38a0163a1d7533500e87be458eef71 \
    --hash=sha256:3f42e9b78301f11c8f861746175d8b9c1ccef713fcad9eab396e2f6db8ed4a22 \
    --hash=sha256:42a67efc36300d052fb4508a53e8b6901b9284b599ae63945c377569c5fcc1e1 \
    --hash=sha256:48d67b87db6279c044760787eb01f6413032c2e6f3ba1cafaa492b1c8e578479 \
    --hash=sha256:498c6c623134f8e09a3c4e60bcd607a0b4590dd7dbf08dd40851b27cbb520ccb \
    --hash=sha256:49f7325beb0f85ef4aef5f48f490269575f83e6e2acad00a1d80b807eb027062 \
    --hash=sha256:4e3ac92d90e92773b2362d506068e9a948192bd553e743c5b2429e28527c8661 \
    --hash=sha256:530125ee1163c4219af35dc3aa1206e541e7b31b6efc1a3f93b70a136f65d427 \
    --hash=sha256:5373dc80ad1aa2fb9ad95c83f24eef418bbda3a61375f128e5b0192e4f3f9b32 \
    --hash=sha256:53e5179d8abb5710f8e83ba207c41c8d1261fcffd4616500e15ca2b7a33be10a \
    --hash=sha256:53e7b4ce82b54a8bcc71b3b67a5cbd177ca1d7f592cbc92cd38b7349f73482db \
    --hash=sha256:543906c127fb1d929b95076db19b83fa2d46751006ff1e23b093aa5ac4d8db42 \
    --hash=sha256:54cfcdee2770dac994417cbb0ee1f3eb0e7cb6b30c79bf44f2c02ff79ec5124a \
    --hash=sha256:55bdcc472aafe2de4a253045cc128007a64f1e0264fb675791e132ea5edaa3bd \
    --hash=sha256:56f355e79f71aef2a85c80305cc915f894b170dba76de5fe84f6351939b83c06 \
    --hash=sha256:5895ef58c4620afe02fa16044f023dc4dafec08158f9d08874a46a7dbc0341b8 \
    --hash=sha256:5bcb6ff3fdab1258a192679ff1a05d44f59626430aa05cd1a9d2447423599228 \
    --hash=sha256:5f08ec777f35ee70720233b8b9811d3bb5d728137f30ac91b7457709c3261ac0 \
    --hash=sha256:614c61d478b83953e261d02bb2df750f17227cd33ef8002945bf5aebbde21919 \
    --hash=sha256:617105e2c3018ee38d0c8ce5ee3c84f621a6d8b9f723202aacaff28449ca91ee \
    --hash=sha256:6debfa7312ff9d4c124dc71d72e9a0a4b9e0879e48ba6fcb42bef5c3300289e2 \
    --hash=sha256:7041d52c3a7fa20c9e8c182b534704abb19502c8bdcbde7ab23bfda6f642394f \
    --hash=sha256:70c987b27534f9ae1a723f47ae921571d616da21d3208282bf4c52af5164ac43 \
    --hash=sha256:74ab5b6a9fb13e873e5a90946588baecaf488745e1db1a4a5c433f971f035098 \
    --hash=sha256:78253b573e6ffab5028924fc98bc281aae05445969982a10864bc360dea2016c \
    --hash=sha256:7a75aa63cbf9b21cfaf60dc2657e19df2c2867d91707d653fee171ffeedd1371 \
    --hash=sha256:8800c996b01c2772a783e3e46f3e1abd5823029adca0df54231960de9bfefa5b \
    --hash=sha256:89176250f686cb9853c0fb7ead90e639e915b84a6f43eedc2a4e7ec21f1037f0 \
    --hash=sha256:8a5fd34f7f7410d1730d5c2ba873cacb2eed3fede366feb268a70ba22581ed8f \
    --hash=sha256:8b3b60de05f3dcb6f6a00f818bb2ec781cee4de0645f59ccaf99b1d1823b6100 \
    --hash=sha256:8f2f1c4c032c7cedd7d8da6f54c97b70266c6570c3108d3fdffee7188bb70529 \
    --hash=sha256:9491196535a88924a60afd5b5f434b5b203b6cc616250878dbdb223a8f7844bc \
    --hash=sha256:9aa6e61fdf20105c4144e755bd586008ff450791d67b1c8146fdc15959c4d51c \
    --hash=sha256:9d9edccfe496b476db5f398d97b865e9a6752bcf8aec4eef8390ce20fb64bb41 \
    --hash=sha256:9fc7b5bfec6573f3ae844f457fdde5adeb713f8b8e4a81ad64fc207b49383716 \
    --hash=sha256:a0dc483c00da8b673abbb367eb6f8d8f4bcec30eb58529ea13cb42e7fd2dfa33 \
    --hash=sha256:a3a8296e7ab5c295f53f1041487cb088e1480775aafbf7fe545d93b770a0f96f \
    --hash=sha256:a3e22975f905b89a55a488c2a08f2fdb2186175349e917d48985cc468a3d4c6e \
    --hash=sha256:a4af35c443e0b1a1bd6a8af3f3485d7fda15c142751a00f3ff8090f0b93346fa \
    --hash=sha256:a94dbaae5ae27bd849c93570669bff91e0510f33a80805738e3de72a7be0447b \
    --hash=sha256:ac74facc01463f138b0da5580329cfcc82818dea5656e83ddcd11268fc12ff80 \
    --hash=sha256:ad4c8b7488d745d2ca4838ebd8ae5ba9b56341d30b1da43640e4ce87f9f49646 \
    --hash=sha256:b014a6ed7cf912e787149fdc529166d3ceabac23f26efeea3158c9aba2354e7e \
    --hash=sha256:b20032766aedf6261c7a566585a40867d092ac03a0d81592d5370ef9b054f99b \
    --hash=sha256:b2466434105a4e03113c36ec775cc2ebe6676b62eae326fa670bb607ef788c1c \
    --hash=sha256:b304db572b4368edd8dda8a2274f73156fe15558fca4a917cb8a09fc47af5963 \
    --hash=sha256:ba59d59aba08ac02fc03b0c8983ccd5ee39a199d0552ce9e6d2b4845b34d59ae \
    --hash=sha256:bd52f811e65f6fb634b1047159657c98f52b407f8efec907bcfc09da9a4c0a25 \
    --hash=sha256:bdd0e2834dce1a26c1bbe26464861e16bbe217042cbff619247c11594472518c \
    --hash=sha256:c23ec8ee9d5ab2f5421f9c7fffce208435607af27fd46d4a44e031954352838f \
    --hash=sha256:c39846c3aad97a8530c89d7a3869a8f8e9e3762c6ac0504481e5c80948f7e807 \
    --hash=sha256:c3c200cf9757edd785051dc699c7ecbec22110dbfcb3fefc7a9f9695eda8ea7a \
    --hash=sha256:c7d3a97c678d34fc5b59da671ee9cd630096ddc643e7b5a30d54a2a6f3574d3f \
    --hash=sha256:c8653fd547c93a61aadc612007790f5555cdd18946fa48cf45e26d8ea4ea473d \
    --hash=sha256:cc7cb243a68167172f48c1fd43cee91ec4b1d40cefd190edd43369d1a6bc9c82 \
    --hash=sha256:ccd4893707b3e2a13e39c90d43cf80edf2e4d0457935bcc103bf2346214c3f15 \
    --hash=sha256:cd817772b2fcf2b8c0905795318485f9ec16eae60b29feb7f4c77085311637f0 \
    --hash=sha256:cda5fd5c95ad7a125a2e8464acc78b98b94c475a3780d6aa0aa157c93f470f4d \
    --hash=sha256:cef89a58e628c4efcac3275c2d68083f82426dcdc89c1492a6f654f9f7ea6ab9 \
    --hash=sha256:d1558173930a5a8d3069cee5c92fc91c87c4dbcb099debbb3622053717145a19 \
    --hash=sha256:d6088ec9894113802bddb3c09e974929aed2c7b3a8c456219b8aab4481f1a239 \
    --hash=sha256:d6218d92e450824e9b4881f44e8c09f1853b490f9a64130801024a4793b1b3b0 \
    --hash=sha256:d77640cc618c1d99fc4f8589c0f24a730adfa54eb1e57ef7bf0c8dfb78da898c \
    --hash=sha256:d7d2deec16eeedf55f2c7cf75b521ea3856a5177e123844f8fd0f114ce252cb5 \
    --hash=sha256:db332af25642007330fca8be5c4d194caf2bea7a7fc84415aff3497af5dfee6b \
    --hash=sha256:dd54d0e8717de95939766febac482ac0474d8ac3b048115f9f2b1d23a16e7db4 \
    --hash=sha256:ddcac3c6b382e81f1dd0499199d4136b877beb4cb5ef770bbbfba56c4b8f55d2 \
    --hash=sha256:df82f3787c940c94986b34222d59c9e38843fba85139f36e85255a82ad5355a9 \
    --hash=sha256:dfa68deb2a443bdaa3ea5297b0699c1464f08aef3812b486d1348eee61b07dc0 \
    --hash=sha256:dff9461ec275f22135650d5ba4b4931a11f3958df7dfbb8db630000d4dee0883 \
    --hash=sha256:e1e74298bab6ee0d6e749ed4fd1901c7e604bdda32c03d787a2cc71c46d0433d \
    --hash=sha256:e2667f0bbe7eb6c74eae5e9691441ad186e5845ca3cff63230fc09c4e7514f5d \
    --hash=sha256:e3be98a7c30b8c25d573dafba7171d66dfb05ee6a9070fc46535464ff97700a6 \
    --hash=sha256:e568e14940c09955aa51f4e645b6daa18a581c5dcfcd73744dcc86a856e3ced3 \
    --hash=sha256:e72ee89e28d907a18f46959b4eb0bb06701cc7f8cf4366e00029e2ccfaaf5924 \
    --hash=sha256:e92eb8acc45eb6a9f4935071a77edf5b85cc6f8dfad5cd99e97653c26593cdde \
    --hash=sha256:ea05e1f97ceea523942d9b2a7d7c0359d781d683d6b043f5943a602b14da4787 \
    --hash=sha256:eac645b09bcfdf73df7536331f0678c1086ea250981118ddb5199e17ccef72bb \
    --hash=sha256:eb0495d778817619273c108784292be161a924b9f5ae5cbbc70a2caa6838250b \
    --hash=sha256:ebe8e504f058fe91223351cecd2d9d6946c9d241bb0250d898ffbdf584cc72b0 \
    --hash=sha256:ed099d105449c4f9e84f24af203cd131349d4761d8813fa7e02c32e7128cd910 \
    --hash=sha256:f0f177d1b195b9e06376cfd7d308d8a1b920909a609d03ac82a8c73bbb16d3b9 \
    --hash=sha256:f3d2669fe7dec7fc359ecdb5984b29b50d85d5d00f8c1cb61de4f4a24ee42627 \
    --hash=sha256:f4e05329faa0ea1a404b37de4f034fd2c2defcca06a68dc6745e4e56c88e8a48 \
    --hash=sha256:f53bcd52f585e1ac3e590d61434eb61f9a88c38df041b4ea126d97144344a77b \
    --hash=sha256:f55119f7bf25f49ed210f6096090715da24f2943c62102448915fde3c62877ce \
    --hash=sha256:f631fe87a6f30df5fbe6d79640b25e4cffb38c31c7fb6f10871517b84b0f8c1a \
    --hash=sha256:f8fb78a83c9e5f741ca3a68cfb455c1f5bb83b4e7249a3848b3cd78d0a8563b0 \
    --hash=sha256:fa9467a8113aa69d3d7c55a70ef0b7c636010a40993f3df9d9d0d73b3eb7ef24 \
    --hash=sha256:fd51ebf9d3a00c074df4ede271023f4d2dba289bcc740b88191872716014e3c5
    # via -r demo_web/backend/runtime-security.txt
black==26.3.1 \
    --hash=sha256:0126ae5b7c09957da2bdbd91a9ba1207453feada9e9fe51992848658c6c8e01c \
    --hash=sha256:0f76ff19ec5297dd8e66eb64deda23631e642c9393ab592826fd4bdc97a4bce7 \
    --hash=sha256:28ef38aee69e4b12fda8dba75e21f9b4f979b490c8ac0baa7cb505369ac9e1ff \
    --hash=sha256:2bd5aa94fc267d38bb21a70d7410a89f1a1d318841855f698746f8e7f51acd1b \
    --hash=sha256:2c50f5063a9641c7eed7795014ba37b0f5fa227f3d408b968936e24bc0566b07 \
    --hash=sha256:2d6bfaf7fd0993b420bed691f20f9492d53ce9a2bcccea4b797d34e947318a78 \
    --hash=sha256:41cd2012d35b47d589cb8a16faf8a32ef7a336f56356babd9fcf70939ad1897f \
    --hash=sha256:474c27574d6d7037c1bc875a81d9be0a9a4f9ee95e62800dab3cfaadbf75acd5 \
    --hash=sha256:5602bdb96d52d2d0672f24f6ffe5218795736dd34807fd0fd55ccd6bf206168b \
    --hash=sha256:5e9d0d86df21f2e1677cc4bd090cd0e446278bcbbe49bf3659c308c3e402843e \
    --hash=sha256:5ed0ca58586c8d9a487352a96b15272b7fa55d139fc8496b519e78023a8dab0a \
    --hash=sha256:6c54a4a82e291a1fee5137371ab488866b7c86a3305af4026bdd4dc78642e1ac \
    --hash=sha256:6e131579c243c98f35bce64a7e08e87fb2d610544754675d4a0e73a070a5aa3a \
    --hash=sha256:855822d90f884905362f602880ed8b5df1b7e3ee7d0db2502d4388a954cc8c54 \
    --hash=sha256:86a8b5035fce64f5dcd1b794cf8ec4d31fe458cf6ce3986a30deb434df82a1d2 \
    --hash=sha256:8a33d657f3276328ce00e4d37fe70361e1ec7614da5d7b6e78de5426cb56332f \
    --hash=sha256:92c0ec1f2cc149551a2b7b47efc32c866406b6891b0ee4625e95967c8f4acfb1 \
    --hash=sha256:9a5e9f45e5d5e1c5b5c29b3bd4265dcc90e8b92cf4534520896ed77f791f4da5 \
    --hash=sha256:afc622538b430aa4c8c853f7f63bc582b3b8030fd8c80b70fb5fa5b834e575c2 \
    --hash=sha256:b07fc0dab849d24a80a29cfab8d8a19187d1c4685d8a5e6385a5ce323c1f015f \
    --hash=sha256:b5e6f89631eb88a7302d416594a32faeee9fb8fb848290da9d0a5f2903519fc1 \
    --hash=sha256:bf9bf162ed91a26f1adba8efda0b573bc6924ec1408a52cc6f82cb73ec2b142c \
    --hash=sha256:c7e72339f841b5a237ff14f7d3880ddd0fc7f98a1199e8c4327f9a4f478c1839 \
    --hash=sha256:ddb113db38838eb9f043623ba274cfaf7d51d5b0c22ecb30afe58b1bb8322983 \
    --hash=sha256:dfdd51fc3e64ea4f35873d1b3fb25326773d55d2329ff8449139ebaad7357efb \
    --hash=sha256:f1cd08e99d2f9317292a311dfe578fd2a24b15dbce97792f9c4d752275c1fa56 \
    --hash=sha256:f89f2ab047c76a9c03f78d0d66ca519e389519902fa27e7a91117ef7611c0568
    # via -r demo_web/backend/runtime-security.txt
cryptography==50.0.0 \
    --hash=sha256:031e2d5dd4bb9caa3ca9c82e5a197fd8ae680232cee62603d1a813f3f07e3d03 \
    --hash=sha256:06a32a980526a6ab9a4b9bf8f7385800791e2bb960903cb6b530e4817509a3b7 \
    --hash=sha256:07479a1cb08219ab719147e742e76090c9c773321959bb94946fffdd397a6437 \
    --hash=sha256:07949c449a1abcf60d1ee6e88956d89404c7df3c8258f46589e912988e551987 \
    --hash=sha256:105110f43a471dbd0060b9c9516cb8a6a79233631a04cc2ba16f28323ac6e025 \
    --hash=sha256:11b74db56cdbe3cdee6e3f6982ecb70334fa10dce99ed58bf7894aaaa3b2a037 \
    --hash=sha256:12b9c6996425c76ea6c457ace4f3073e715b8c545add07cd1a8f3a4f90691269 \
    --hash=sha256:1489e263a8048bb8b6a8bac662eb2d402ea5d2b7b4699b72f385f1e2772db105 \
    --hash=sha256:19736989797678c6af1e55cd49055cdbcb55d8f6b5583ac5335f933aba9101dc \
    --hash=sha256:1b4a266766514614f8aa60416e71f2fc6e575d36e7bdc90f644fadb2f4b75b95 \
    --hash=sha256:2a8183b489dc1f7f80f135780fadc1108f14b31b8a40411c7a5b17425f65f28b \
    --hash=sha256:37fdb0d0111f1e2ff07139dfb79f1b49531f8e213c46f1163dd7642979b58c47 \
    --hash=sha256:3f5735ffe4996d28b809371756219f5354864902a3b9e7c0b9ee87041209fc9c \
    --hash=sha256:49e7d93abdbd2990caced757e5fade25302f719c3c8fb6e6fff2dde98999fc41 \
    --hash=sha256:5e34edd123674534acd70147f0ca331eaa2c74e6325fb2028c886aa26ba0b68c \
    --hash=sha256:62598a8a57f815db4c6259a4e97d857dab56697e7de8e8ab02352ab74da1995d \
    --hash=sha256:65c2c3add92b45fd0709db8594536aea39c2a67af0e27ffcf049c498501140b7 \
    --hash=sha256:6ba6a53445bd3cfa809ef3ef5f1589aa6ba08784a1d962bf47d0940e871dab1c \
    --hash=sha256:6e7d61120573a7f2cd94cc095f9e81f6967c61ccdf194285aa143ecec8e0b708 \
    --hash=sha256:7cec5b856506da6defb290f30c9ee687d5f5e8cb0bd3f6459dde43b0b4fa40ef \
    --hash=sha256:80b63928fa35083b33966ce1efb70e5b9607181e49dcd1c22c8c005e319f667f \
    --hash=sha256:82148ec5bddac30b51a5b3c1945075f896fa022cb93f8e4a01e9f6ee95292c5f \
    --hash=sha256:828743d939e9629bc267b8e2d08d8bb67cd4319c771a33d4b18b22dd8fb7440a \
    --hash=sha256:8d89f3976b10b4ce31118de72329025f70d2c6ead14a8217c5514dd2c6d5a78f \
    --hash=sha256:8eb5e1172eb569ea8a872796576e6a67c276351728b6455d5beb01242b027c6a \
    --hash=sha256:900131fafd8aead39ac7dd3a7e833be754c17a95cfd91221636949fe4eb0aa8a \
    --hash=sha256:910d11e1a385c654bf738bf3e6b8e6ed5de0f5610fcae2be9e5b398d8081d20e \
    --hash=sha256:910e1d2668e7de9648f2bcee30e180db2a6b15c30f887d7c4c93ddf96e3992e3 \
    --hash=sha256:9aa87839c383bdbab6ef865787a1fb877af8dd03464c4400322726feaaadfc6d \
    --hash=sha256:a1b30560f2acc95aa8b2e06e716a13dbfc97314747b80d9707e307f77b40d6b3 \
    --hash=sha256:a91296cb61e8df6f86d0c19cc4068228da256bf59bf86049fbd821084565327f \
    --hash=sha256:b42a28c1844fd9de8f3f7d540e36b66f3a9c83fceac7170ebc7a6a19edd9dcae \
    --hash=sha256:bd1c592e4d5974f0d08d4888e432157adba757c66da0246918e43677fafa2d30 \
    --hash=sha256:c87f62a3d3b9888ed0fdde100ec06aa61ca9cd44bad9057d1dff9a516b5f5bb9 \
    --hash=sha256:c99c003e088647b8a5b7c145d6f78c335f6348332b62e142d411c4b63d1460b9 \
    --hash=sha256:ccdc4a71a4dabae05de219404f9f4abc38e3b58422177ff93d0da05967dafa07 \
    --hash=sha256:d24fead1d4d076e1bfb006dcec392074a3cd8d7b4fc8a595aa64073b2b7a96ba \
    --hash=sha256:d58c3db7cd6eed54e6c06744db55456b65ebd7492ddeae9c1e93cfca7aa857d3 \
    --hash=sha256:d764dcf130c428ef66786f866dd750f53182bc608813489915e9fc106bb0c82f \
    --hash=sha256:df2a58a472f332225671c35b0a830208b86d004f82baa8530fa3782c85646533 \
    --hash=sha256:e722f16708d854fe924790e051061f6704a472c3bac347b6fd88033ea8dd0dc5 \
    --hash=sha256:ecfed7367f965a0328cfbdd70da860f15441f002f613185668c6e6ebf5a0ac11 \
    --hash=sha256:eeac2acb5a20ed25e0ad6d1df9891a520b78b404266b6d11778f25d5d691a6c9 \
    --hash=sha256:f59e38625469987d7ef6d495323c55e7db6c212eaf6112267e0d3b565a2e9c9f \
    --hash=sha256:f89831ef99dd7dd169ab06d63a831adb9e20a87aac6d380266bbda5823349169 \
    --hash=sha256:fd9192b7b70c573d7f214eb1ae35e00d359f6f5e4b27c7e21e30de1fc6204645
    # via -r demo_web/backend/runtime-security.txt
filelock==3.20.3 \
    --hash=sha256:18c57ee915c7ec61cff0ecf7f0f869936c7c30191bb0cf406f1341778d0834e1 \
    --hash=sha256:4b0dda527ee31078689fc205ec4f1c1bf7d56cf88b6dc9426c4f230e46c2dce1
    # via -r demo_web/backend/runtime-security.txt
mcp==1.28.1 \
    --hash=sha256:2726bca5e7193f61c5dde8b12500a6de2d9acf6d1a1c0be9e8c2e706437991df \
    --hash=sha256:d51e36a5f5644faea4f85ea649bfffa6bc6c26770d42798ad6a3de3d2ba69683
    # via -r demo_web/backend/runtime-security.txt
msgpack==1.2.1 \
    --hash=sha256:01e2dd6c9b19d333a00282330cc8a73d38d8dabc306dc5b42cd668c3ac82e833 \
    --hash=sha256:020e881a764b20d8d7ca1a54fc01b8175519d108e3c3f194fddc200bda95951a \
    --hash=sha256:04c721c2c7448767e9e3f2520a475663d8ee0f09c31890f6d2bd70fd636a9647 \
    --hash=sha256:05f340e47e7e47d2da8db9b53e1bb1d294369e9ef45a747441309f6650b8351d \
    --hash=sha256:0a70e3cf2804a300d921bb0940426e35f4e489a23adfb77a808892241db0a064 \
    --hash=sha256:0adcf06ffde0777c0e1a9b771a2b1c4226ba1bbf748c8efcc02fcdeca3299107 \
    --hash=sha256:0c0d9802354507bcba62af19c17918e3eb437cc25e6f50657d511b5856a77aac \
    --hash=sha256:0e2bf9280bceb5efca998435904b5d3e9fdbcc11d90dc9df30aec7973252b720 \
    --hash=sha256:1233ee2dd0cefba127583de50ea654677277047d238303521db35def3d7b2e7c \
    --hash=sha256:146ee4e9ce80b365c6d4c47073da9da7bcec473e58194ceee5dd7620ace77e06 \
    --hash=sha256:1548006a91aa93c5da81f3bdcebc1a0d10cea2d25969754fbe848da622b2b895 \
    --hash=sha256:196300e7e5d6e74d50f1607ab9c06c4a1484c383cd22defd727902591f7e8dde \
    --hash=sha256:1dabedcd0f23559f3596428c6589c1cd8c6eaed3a0d720795b07b0225d769203 \
    --hash=sha256:20466cca18c49c7292a8984bc15d65857b171e7264bdcb5f96baf8be238791fc \
    --hash=sha256:298872ecf9e61950f1c6af4ca969b859ee91783bb920ef6e6172697d0c8aad74 \
    --hash=sha256:29a3f6e9667868429d8240dfd063ea5ffdc1321c13d783aa23827a38de0dcb22 \
    --hash=sha256:2eda0b7ebb1283a98d3e4492ac933c8af6aff59fd3df1c3ed024f536af4b1dc8 \
    --hash=sha256:2ef59c659f289eddf8aa6623823f19fa2f40a4029266889eac7a2505dd210c35 \
    --hash=sha256:2ff164c1b0bcb740b073b99e945234d0212852fa378e44a208c425379140dbeb \
    --hash=sha256:33f14fba63278b714efe6ad07e50ea5f03d91537aa6a1c5f1ceca4cf44013ca9 \
    --hash=sha256:350cb813d0af6e65d2f7ef0d729f7ff5be5a8bce03665892f43e5883d4ecc1b8 \
    --hash=sha256:4202c74688ca06591f78cb18988228bd4cca2cc75d57b60008372892d2f1e6e6 \
    --hash=sha256:4227224aaec8f7fbcbfbd4272319347b2bb4030366502600f8c45588c5187b07 \
    --hash=sha256:491cc39455ca765fad51fb451bf2915eb2cf41192ab5801ce8d67c1d614fe056 \
    --hash=sha256:575957e79cd51903a4e8495a242442949641e08f1efd5197b43bebd3ea7682b4 \
    --hash=sha256:5ad5467fc3f68b5468e06c5f788d712e9f8ffc8b0cd1bcb160c105c1ee92dae7 \
    --hash=sha256:5bb9c386f0a329c035ddbab4b72d1028bf9627add8dda41070288563d57ed1b1 \
    --hash=sha256:5c24aa15d5963051e1a5c62b12c50cd705992502b5ec1f3bece6046f33c9fc24 \
    --hash=sha256:5f6277e5f783c36786a145e0247fc189a03f35f84b251646e53592d2bc12b355 \
    --hash=sha256:60926b75d00c8e816ef98f3034f484a8bc64242d66839cef4cf7e503142316a0 \
    --hash=sha256:633727297ed063441fd1cda2288865487f33ad14eeb8831afb5f0c396a62cfce \
    --hash=sha256:67f6dd22fa72a93752643f07889796d62739a13415ee630169a8ce764f86cf9f \
    --hash=sha256:6d09badf350af2be9d189184e04e64cf54ad93569ab3d96fca58bd3e84aad707 \
    --hash=sha256:6ee967f7c7e1df2890c671ff2ee51a28ded0efc95da3e507176dee881ce36c66 \
    --hash=sha256:74847557e28ce71bd3c438a447ca90e4b507e997ddbdef8a12a7b283b86c156b \
    --hash=sha256:779197a6513bab3c3632265e3d0f7cb3227e62510841a6f34f1eaa37efbb345e \
    --hash=sha256:787c9bebb5833e8f6fc8abca3c0597683d8d87f56a8842b6b89c75a5f3176e2d \
    --hash=sha256:7d31c0ac0c640f877804c67cb2bc9f4e23dc2db97e96c2e67fa27d38283b41f8 \
    --hash=sha256:810b916696c86ef0deb3b74588480224df4c1b071136c34183e4a2a4284d7ac7 \
    --hash=sha256:83efa1c898e0fc5380fc0cabbf75164c52e3b5cbb45973710d75821928380c73 \
    --hash=sha256:85f57e960d877f2977f6430896191b04a21f8901b3b4baf2e4604329f4db5402 \
    --hash=sha256:8b267ce94efb76fbd1b3373511420074ee3187f0f7811bf394531de13294735a \
    --hash=sha256:8c2ed1e48cc0f460bf3c7780e7137ff21a4e18433451916f2442c1b21036cd7d \
    --hash=sha256:8c7b398c56ff125feae96c2737abfec5595f1fa0aa186df60c56040b8accb95c \
    --hash=sha256:8d00f177ca88a77c1cf848d204a38f249751650b601cb6532acc68805d8a8273 \
    --hash=sha256:8ff92d7feeaf5bc26c51495b69e2f99ed97ab79346fb6555f44be7dd2ac6503b \
    --hash=sha256:91054a783328e0ea7954b8771095705c8d2243b814743fbaadf14552c9c52c5d \
    --hash=sha256:98b58bdb89c46190e4609bb36abe17c6d4105ad13f9c5f8f6f64d320f8ced3fb \
    --hash=sha256:a28d076ca7c82b9c8728ad90b7147489449557038bed50e4241eb832395169b4 \
    --hash=sha256:aa6c4be5d1c02a42b066ca6ddb71adf36432868fdcdb6ee87e634e86e0674190 \
    --hash=sha256:aded5bdf32609dc7987a49bbbd15a8ef096193f96dd8bbeb791de729e650acf5 \
    --hash=sha256:afc5febcd4c99effbc02b528e49d6fd0760b2b7d48c05239e345a5fa6e743d9a \
    --hash=sha256:b50b727bd652bdc37d950336c848ef20ec54a4cafc38dce19b1cd86ad625d0f7 \
    --hash=sha256:c1c79a604a2969a868a78b6ebd27a887e00c624f14f66b3038e0590cb23332d1 \
    --hash=sha256:ca0dacff965c47afdc3749a8469d7302a8f801d6a28758d55120d75e66ce6889 \
    --hash=sha256:d3567748a5107cb40cdf66a275430c2f87c07777698f4bfd25c35f44d533258c \
    --hash=sha256:dc871b997a9370d855b7394465f2f350e847a5b806dd38dcc9c989e7d87da155 \
    --hash=sha256:dd3bfe82d53edfe4b7fc9a7ec9761e23a7a5b1dac22264505af428253c29ed24 \
    --hash=sha256:e3dc2feb0876209d9c38aa56cb1de169bd6c4348f1aa48271f241226590993e6 \
    --hash=sha256:e4f1d0f8f98ade9634e01fb704a408f9336c0a8f1117b369f5db83dc7551d8b1 \
    --hash=sha256:ec0e675d59150a6269ddc9139087c722292664a37d071a849c05c473350f1f2d \
    --hash=sha256:ee1d9ed27d0497b848923746cf762ed2e7db24f4be7eec8e5cbe8c766aa707b7 \
    --hash=sha256:f02cf17a6ca1abe29b5f980644f7551f94d71f2011509b26d8625ce038f0df64 \
    --hash=sha256:f12038a35fabd52e56a3547bab42401af49a45caa6dd00b34c44de235bc93ee2 \
    --hash=sha256:f310233ef7fb9c14e201c93639fe5f5260b005f56f0b29048e999c30935596cc \
    --hash=sha256:f9389552ecf4784886345ead0647e4edc96bee37cbab05b75540f542f766c48c
    # via -r demo_web/backend/runtime-security.txt
pathspec==1.1.1 \
    --hash=sha256:17db5ecd524104a120e173814c90367a96a98d07c45b2e10c2f3919fff91bf5a \
    --hash=sha256:a00ce642f577bf7f473932318056212bc4f8bfdf53128c78bbd5af0b9b20b189
    # via -r demo_web/backend/runtime-security.txt
pip==26.2 \
    --hash=sha256:2d8542afcc84cdd8e846c2b36b2861fad1da376dd98f8e7113e9108a3c331690 \
    --hash=sha256:931c303696af6fa3417112103b1cad26890e5a07eccb5b99783700e33f2b8aad
    # via -r demo_web/backend/runtime-security.txt
pydantic-settings==2.14.2 \
    --hash=sha256:a20c97b37910b6550d5ea50fbcc2d4187defe58cd57070b73863d069419c9440 \
    --hash=sha256:c19dd64b19097f1de80184f0cc7b0272a13ae6e170cbf240a3e27e381ed14a5f
    # via -r demo_web/backend/runtime-security.txt
pygments==2.20.0 \
    --hash=sha256:6757cd03768053ff99f3039c1a36d6c0aa0b263438fcab17520b30a303a82b5f \
    --hash=sha256:81a9e26dd42fd28a23a2d169d86d7ac03b46e2f8b59ed4698fb4785f946d0176
    # via -r demo_web/backend/runtime-security.txt
pyjwt==2.13.0 \
    --hash=sha256:41571c89ca91598c79e8ef18a2d07367d4810fbbd6f637794879baf1b7703423 \
    --hash=sha256:66adcc2aff09b3f1bbd95fc1e1577df8ac8723c978552fd43304c8a290ac5728
    # via -r demo_web/backend/runtime-security.txt
pytest==9.0.3 \
    --hash=sha256:2c5efc453d45394fdd706ade797c0a81091eccd1d6e4bccfcd476e2b8e0ab5d9 \
    --hash=sha256:b86ada508af81d19edeb213c681b1d48246c1a91d304c6c81a427674c17eb91c
    # via -r demo_web/backend/runtime-security.txt
python-dotenv==1.2.2 \
    --hash=sha256:1d8214789a24de455a8b8bd8ae6fe3c6b69a5e3d64aa8a8e5d68e694bbcb285a \
    --hash=sha256:2c371a91fbd7ba082c2c1dc1f8bf89ca22564a087c2c287cd9b662adde799cf3
    # via -r demo_web/backend/runtime-security.txt
pytokens==0.4.1 \
    --hash=sha256:0fc71786e629cef478cbf29d7ea1923299181d0699dbe7c3c0f4a583811d9fc1 \
    --hash=sha256:11edda0942da80ff58c4408407616a310adecae1ddd22eef8c692fe266fa5009 \
    --hash=sha256:140709331e846b728475786df8aeb27d24f48cbcf7bcd449f8de75cae7a45083 \
    --hash=sha256:24afde1f53d95348b5a0eb19488661147285ca4dd7ed752bbc3e1c6242a304d1 \
    --hash=sha256:26cef14744a8385f35d0e095dc8b3a7583f6c953c2e3d269c7f82484bf5ad2de \
    --hash=sha256:27b83ad28825978742beef057bfe406ad6ed524b2d28c252c5de7b4a6dd48fa2 \
    --hash=sha256:292052fe80923aae2260c073f822ceba21f3872ced9a68bb7953b348e561179a \
    --hash=sha256:29d1d8fb1030af4d231789959f21821ab6325e463f0503a61d204343c9b355d1 \
    --hash=sha256:2a44ed93ea23415c54f3face3b65ef2b844d96aeb3455b8a69b3df6beab6acc5 \
    --hash=sha256:30f51edd9bb7f85c748979384165601d028b84f7bd13fe14d3e065304093916a \
    --hash=sha256:34bcc734bd2f2d5fe3b34e7b3c0116bfb2397f2d9666139988e7a3eb5f7400e3 \
    --hash=sha256:3ad72b851e781478366288743198101e5eb34a414f1d5627cdd585ca3b25f1db \
    --hash=sha256:3f901fe783e06e48e8cbdc82d631fca8f118333798193e026a50ce1b3757ea68 \
    --hash=sha256:42f144f3aafa5d92bad964d471a581651e28b24434d184871bd02e3a0d956037 \
    --hash=sha256:4a14d5f5fc78ce85e426aa159489e2d5961acf0e47575e08f35584009178e321 \
    --hash=sha256:4a58d057208cb9075c144950d789511220b07636dd2e4708d5645d24de666bdc \
    --hash=sha256:4e691d7f5186bd2842c14813f79f8884bb03f5995f0575272009982c5ac6c0f7 \
    --hash=sha256:5502408cab1cb18e128570f8d598981c68a50d0cbd7c61312a90507cd3a1276f \
    --hash=sha256:584c80c24b078eec1e227079d56dc22ff755e0ba8654d8383b2c549107528918 \
    --hash=sha256:5ad948d085ed6c16413eb5fec6b3e02fa00dc29a2534f088d3302c47eb59adf9 \
    --hash=sha256:670d286910b531c7b7e3c0b453fd8156f250adb140146d234a82219459b9640c \
    --hash=sha256:682fa37ff4d8e95f7df6fe6fe6a431e8ed8e788023c6bcc0f0880a12eab80ad1 \
    --hash=sha256:6d6c4268598f762bc8e91f5dbf2ab2f61f7b95bdc07953b602db879b3c8c18e1 \
    --hash=sha256:79fc6b8699564e1f9b521582c35435f1bd32dd06822322ec44afdeba666d8cb3 \
    --hash=sha256:8bdb9d0ce90cbf99c525e75a2fa415144fd570a1ba987380190e8b786bc6ef9b \
    --hash=sha256:8fcb9ba3709ff77e77f1c7022ff11d13553f3c30299a9fe246a166903e9091eb \
    --hash=sha256:941d4343bf27b605e9213b26bfa1c4bf197c9c599a9627eb7305b0defcfe40c1 \
    --hash=sha256:967cf6e3fd4adf7de8fc73cd3043754ae79c36475c1c11d514fc72cf5490094a \
    --hash=sha256:970b08dd6b86058b6dc07efe9e98414f5102974716232d10f32ff39701e841c4 \
    --hash=sha256:97f50fd18543be72da51dd505e2ed20d2228c74e0464e4262e4899797803d7fa \
    --hash=sha256:9bd7d7f544d362576be74f9d5901a22f317efc20046efe2034dced238cbbfe78 \
    --hash=sha256:add8bf86b71a5d9fb5b89f023a80b791e04fba57960aa790cc6125f7f1d39dfe \
    --hash=sha256:b35d7e5ad269804f6697727702da3c517bb8a5228afa450ab0fa787732055fc9 \
    --hash=sha256:b49750419d300e2b5a3813cf229d4e5a4c728dae470bcc89867a9ad6f25a722d \
    --hash=sha256:d31b97b3de0f61571a124a00ffe9a81fb9939146c122c11060725bd5aea79975 \
    --hash=sha256:d70e77c55ae8380c91c0c18dea05951482e263982911fc7410b1ffd1dadd3440 \
    --hash=sha256:d9907d61f15bf7261d7e775bd5d7ee4d2930e04424bab1972591918497623a16 \
    --hash=sha256:da5baeaf7116dced9c6bb76dc31ba04a2dc3695f3d9f74741d7910122b456edc \
    --hash=sha256:dc74c035f9bfca0255c1af77ddd2d6ae8419012805453e4b0e7513e17904545d \
    --hash=sha256:dcafc12c30dbaf1e2af0490978352e0c4041a7cde31f4f81435c2a5e8b9cabb6 \
    --hash=sha256:ee44d0f85b803321710f9239f335aafe16553b39106384cef8e6de40cb4ef2f6 \
    --hash=sha256:f66a6bbe741bd431f6d741e617e0f39ec7257ca1f89089593479347cc4d13324
    # via -r demo_web/backend/runtime-security.txt
requests==2.33.0 \
    --hash=sha256:3324635456fa185245e24865e810cecec7b4caf933d7eb133dcde67d48cee69b \
    --hash=sha256:c7ebc5e8b0f21837386ad0e1c8fe8b829fa5f544d8df3b2253bff14ef29d7652
    # via -r demo_web/backend/runtime-security.txt
urllib3==2.7.0 \
    --hash=sha256:231e0ec3b63ceb14667c67be60f2f2c40a518cb38b03af60abc813da26505f4c \
    --hash=sha256:9fb4c81ebbb1ce9531cce37674bbc6f1360472bc18ca9a553ede278ef7276897
    # via -r demo_web/backend/runtime-security.txt
virtualenv==20.36.1 \
    --hash=sha256:575a8d6b124ef88f6f51d56d656132389f961062a9177016a50e4f507bbcc19f \
    --hash=sha256:8befb5c81842c641f8ee658481e42641c68b5eab3521d8e092d18320902466ba
    # via -r demo_web/backend/runtime-security.txt
